
Microsoft Visual Studio Solution File, Format Version 12.00
# Visual Studio 2013
VisualStudioVersion = 12.0.30501.0
MinimumVisualStudioVersion = 10.0.40219.1
Project("{FAE04EC0-301F-11D3-BF4B-00C04F79EFBC}") = "BilDestekAdmin", "BilDestekAdmin\BilDestekAdmin.csproj", "{B17B8004-9FFB-41B0-998C-21AB1C1DFDEA}"
EndProject
Global
	GlobalSection(SolutionConfigurationPlatforms) = preSolution
		Debug|Any CPU = Debug|Any CPU
		Release|Any CPU = Release|Any CPU
	EndGlobalSection
	GlobalSection(ProjectConfigurationPlatforms) = postSolution
		{B17B8004-9FFB-41B0-998C-21AB1C1DFDEA}.Debug|Any CPU.ActiveCfg = Debug|Any CPU
		{B17B8004-9FFB-41B0-998C-21AB1C1DFDEA}.Debug|Any CPU.Build.0 = Debug|Any CPU
		{B17B8004-9FFB-41B0-998C-21AB1C1DFDEA}.Release|Any CPU.ActiveCfg = Release|Any CPU
		{B17B8004-9FFB-41B0-998C-21AB1C1DFDEA}.Release|Any CPU.Build.0 = Release|Any CPU
	EndGlobalSection
	GlobalSection(SolutionProperties) = preSolution
		HideSolutionNode = FALSE
	EndGlobalSection
EndGlobal
